Microsoft Visual Studio Solution File, Format Version 12.00
# Visual Studio 14
VisualStudioVersion = 14.0.25420.1
MinimumVisualStudioVersion = 10.0.40219.1
Project("{8BC9CEB8-8B4A-11D0-8D11-00A0C91BC942}") = "ch", "src\ch\ch.vc140.vcxproj", "{4B215B9A-58CA-4987-AC95-7DFC3043E100}"
	ProjectSection(ProjectDependencies) = postProject
		{D98F2D98-2352-4303-93EE-A5430C4E98AB} = {D98F2D98-2352-4303-93EE-A5430C4E98AB}
		{7CE8B0C5-8CD4-4551-ACBF-EC4749E15E69} = {7CE8B0C5-8CD4-4551-ACBF-EC4749E15E69}
	EndProjectSection
EndProject
Project("{8BC9CEB8-8B4A-11D0-8D11-00A0C91BC942}") = "chext", "src\chext\chext.vc140.vcxproj", "{7CE8B0C5-8CD4-4551-ACBF-EC4749E15E69}"
	ProjectSection(ProjectDependencies) = postProject
		{D98F2D98-2352-4303-93EE-A5430C4E98AB} = {D98F2D98-2352-4303-93EE-A5430C4E98AB}
	EndProjectSection
EndProject
Project("{8BC9CEB8-8B4A-11D0-8D11-00A0C91BC942}") = "libictranslate", "src\libictranslate\libictranslate.vc140.vcxproj", "{DD1F3242-7EE4-4F41-8B8D-D833300C445F}"
	ProjectSection(ProjectDependencies) = postProject
		{D98F2D98-2352-4303-93EE-A5430C4E98AB} = {D98F2D98-2352-4303-93EE-A5430C4E98AB}
	EndProjectSection
EndProject
Project("{8BC9CEB8-8B4A-11D0-8D11-00A0C91BC942}") = "ictranslate", "src\ictranslate\ictranslate.vc140.vcxproj", "{B0292250-B70C-4395-9859-F181FB113DA8}"
	ProjectSection(ProjectDependencies) = postProject
		{D98F2D98-2352-4303-93EE-A5430C4E98AB} = {D98F2D98-2352-4303-93EE-A5430C4E98AB}
	EndProjectSection
EndProject
Project("{8BC9CEB8-8B4A-11D0-8D11-00A0C91BC942}") = "libchcore", "src\libchcore\libchcore.vc140.vcxproj", "{CBBF380B-7B16-4A1E-8194-758DAD7D8011}"
	ProjectSection(ProjectDependencies) = postProject
		{D98F2D98-2352-4303-93EE-A5430C4E98AB} = {D98F2D98-2352-4303-93EE-A5430C4E98AB}
	EndProjectSection
EndProject
Project("{8BC9CEB8-8B4A-11D0-8D11-00A0C91BC942}") = "sqlite3", "ext\sqlite3\sqlite3.vc140.vcxproj", "{D41831F5-B2A5-4C92-9F15-1D9AB04722CC}"
EndProject
Project("{8BC9CEB8-8B4A-11D0-8D11-00A0C91BC942}") = "gmock", "ext\googletest\gmock.vc140.vcxproj", "{D98F2D98-2352-4303-93EE-A5430C4E98AB}"
EndProject
Global
	GlobalSection(SolutionConfigurationPlatforms) = preSolution
		Debug|Win32 = Debug|Win32
		Debug|x64 = Debug|x64
		Release|Win32 = Release|Win32
		Release|x64 = Release|x64
		Testing Debug|Win32 = Testing Debug|Win32
		Testing Debug|x64 = Testing Debug|x64
		Testing Release|Win32 = Testing Release|Win32
		Testing Release|x64 = Testing Release|x64
	EndGlobalSection
	GlobalSection(ProjectConfigurationPlatforms) = postSolution
		{4B215B9A-58CA-4987-AC95-7DFC3043E100}.Debug|Win32.ActiveCfg = Debug|Win32
		{4B215B9A-58CA-4987-AC95-7DFC3043E100}.Debug|Win32.Build.0 = Debug|Win32
		{4B215B9A-58CA-4987-AC95-7DFC3043E100}.Debug|x64.ActiveCfg = Debug|x64
		{4B215B9A-58CA-4987-AC95-7DFC3043E100}.Debug|x64.Build.0 = Debug|x64
		{4B215B9A-58CA-4987-AC95-7DFC3043E100}.Release|Win32.ActiveCfg = Release|Win32
		{4B215B9A-58CA-4987-AC95-7DFC3043E100}.Release|Win32.Build.0 = Release|Win32
		{4B215B9A-58CA-4987-AC95-7DFC3043E100}.Release|x64.ActiveCfg = Release|x64
		{4B215B9A-58CA-4987-AC95-7DFC3043E100}.Release|x64.Build.0 = Release|x64
		{4B215B9A-58CA-4987-AC95-7DFC3043E100}.Testing Debug|Win32.ActiveCfg = Testing Debug|Win32
		{4B215B9A-58CA-4987-AC95-7DFC3043E100}.Testing Debug|Win32.Build.0 = Testing Debug|Win32
		{4B215B9A-58CA-4987-AC95-7DFC3043E100}.Testing Debug|x64.ActiveCfg = Testing Debug|x64
		{4B215B9A-58CA-4987-AC95-7DFC3043E100}.Testing Debug|x64.Build.0 = Testing Debug|x64
		{4B215B9A-58CA-4987-AC95-7DFC3043E100}.Testing Release|Win32.ActiveCfg = Testing Release|Win32
		{4B215B9A-58CA-4987-AC95-7DFC3043E100}.Testing Release|Win32.Build.0 = Testing Release|Win32
		{4B215B9A-58CA-4987-AC95-7DFC3043E100}.Testing Release|x64.ActiveCfg = Testing Release|x64
		{4B215B9A-58CA-4987-AC95-7DFC3043E100}.Testing Release|x64.Build.0 = Testing Release|x64
		{7CE8B0C5-8CD4-4551-ACBF-EC4749E15E69}.Debug|Win32.ActiveCfg = Debug|Win32
		{7CE8B0C5-8CD4-4551-ACBF-EC4749E15E69}.Debug|Win32.Build.0 = Debug|Win32
		{7CE8B0C5-8CD4-4551-ACBF-EC4749E15E69}.Debug|x64.ActiveCfg = Debug|x64
		{7CE8B0C5-8CD4-4551-ACBF-EC4749E15E69}.Debug|x64.Build.0 = Debug|x64
		{7CE8B0C5-8CD4-4551-ACBF-EC4749E15E69}.Release|Win32.ActiveCfg = Release|Win32
		{7CE8B0C5-8CD4-4551-ACBF-EC4749E15E69}.Release|Win32.Build.0 = Release|Win32
		{7CE8B0C5-8CD4-4551-ACBF-EC4749E15E69}.Release|x64.ActiveCfg = Release|x64
		{7CE8B0C5-8CD4-4551-ACBF-EC4749E15E69}.Release|x64.Build.0 = Release|x64
		{7CE8B0C5-8CD4-4551-ACBF-EC4749E15E69}.Testing Debug|Win32.ActiveCfg = Testing Debug|Win32
		{7CE8B0C5-8CD4-4551-ACBF-EC4749E15E69}.Testing Debug|Win32.Build.0 = Testing Debug|Win32
		{7CE8B0C5-8CD4-4551-ACBF-EC4749E15E69}.Testing Debug|x64.ActiveCfg = Testing Debug|x64
		{7CE8B0C5-8CD4-4551-ACBF-EC4749E15E69}.Testing Debug|x64.Build.0 = Testing Debug|x64
		{7CE8B0C5-8CD4-4551-ACBF-EC4749E15E69}.Testing Release|Win32.ActiveCfg = Testing Release|Win32
		{7CE8B0C5-8CD4-4551-ACBF-EC4749E15E69}.Testing Release|Win32.Build.0 = Testing Release|Win32
		{7CE8B0C5-8CD4-4551-ACBF-EC4749E15E69}.Testing Release|x64.ActiveCfg = Testing Release|x64
		{7CE8B0C5-8CD4-4551-ACBF-EC4749E15E69}.Testing Release|x64.Build.0 = Testing Release|x64
		{DD1F3242-7EE4-4F41-8B8D-D833300C445F}.Debug|Win32.ActiveCfg = Debug|Win32
		{DD1F3242-7EE4-4F41-8B8D-D833300C445F}.Debug|Win32.Build.0 = Debug|Win32
		{DD1F3242-7EE4-4F41-8B8D-D833300C445F}.Debug|x64.ActiveCfg = Debug|x64
		{DD1F3242-7EE4-4F41-8B8D-D833300C445F}.Debug|x64.Build.0 = Debug|x64
		{DD1F3242-7EE4-4F41-8B8D-D833300C445F}.Release|Win32.ActiveCfg = Release|Win32
		{DD1F3242-7EE4-4F41-8B8D-D833300C445F}.Release|Win32.Build.0 = Release|Win32
		{DD1F3242-7EE4-4F41-8B8D-D833300C445F}.Release|x64.ActiveCfg = Release|x64
		{DD1F3242-7EE4-4F41-8B8D-D833300C445F}.Release|x64.Build.0 = Release|x64
		{DD1F3242-7EE4-4F41-8B8D-D833300C445F}.Testing Debug|Win32.ActiveCfg = Testing Debug|Win32
		{DD1F3242-7EE4-4F41-8B8D-D833300C445F}.Testing Debug|Win32.Build.0 = Testing Debug|Win32
		{DD1F3242-7EE4-4F41-8B8D-D833300C445F}.Testing Debug|x64.ActiveCfg = Testing Debug|x64
		{DD1F3242-7EE4-4F41-8B8D-D833300C445F}.Testing Debug|x64.Build.0 = Testing Debug|x64
		{DD1F3242-7EE4-4F41-8B8D-D833300C445F}.Testing Release|Win32.ActiveCfg = Testing Release|Win32
		{DD1F3242-7EE4-4F41-8B8D-D833300C445F}.Testing Release|Win32.Build.0 = Testing Release|Win32
		{DD1F3242-7EE4-4F41-8B8D-D833300C445F}.Testing Release|x64.ActiveCfg = Testing Release|x64
		{DD1F3242-7EE4-4F41-8B8D-D833300C445F}.Testing Release|x64.Build.0 = Testing Release|x64
		{B0292250-B70C-4395-9859-F181FB113DA8}.Debug|Win32.ActiveCfg = Debug|Win32
		{B0292250-B70C-4395-9859-F181FB113DA8}.Debug|Win32.Build.0 = Debug|Win32
		{B0292250-B70C-4395-9859-F181FB113DA8}.Debug|x64.ActiveCfg = Debug|x64
		{B0292250-B70C-4395-9859-F181FB113DA8}.Debug|x64.Build.0 = Debug|x64
		{B0292250-B70C-4395-9859-F181FB113DA8}.Release|Win32.ActiveCfg = Release|Win32
		{B0292250-B70C-4395-9859-F181FB113DA8}.Release|Win32.Build.0 = Release|Win32
		{B0292250-B70C-4395-9859-F181FB113DA8}.Release|x64.ActiveCfg = Release|x64
		{B0292250-B70C-4395-9859-F181FB113DA8}.Release|x64.Build.0 = Release|x64
		{B0292250-B70C-4395-9859-F181FB113DA8}.Testing Debug|Win32.ActiveCfg = Testing Debug|Win32
		{B0292250-B70C-4395-9859-F181FB113DA8}.Testing Debug|Win32.Build.0 = Testing Debug|Win32
		{B0292250-B70C-4395-9859-F181FB113DA8}.Testing Debug|x64.ActiveCfg = Testing Debug|x64
		{B0292250-B70C-4395-9859-F181FB113DA8}.Testing Debug|x64.Build.0 = Testing Debug|x64
		{B0292250-B70C-4395-9859-F181FB113DA8}.Testing Release|Win32.ActiveCfg = Testing Release|Win32
		{B0292250-B70C-4395-9859-F181FB113DA8}.Testing Release|Win32.Build.0 = Testing Release|Win32
		{B0292250-B70C-4395-9859-F181FB113DA8}.Testing Release|x64.ActiveCfg = Testing Release|x64
		{B0292250-B70C-4395-9859-F181FB113DA8}.Testing Release|x64.Build.0 = Testing Release|x64
		{CBBF380B-7B16-4A1E-8194-758DAD7D8011}.Debug|Win32.ActiveCfg = Debug|Win32
		{CBBF380B-7B16-4A1E-8194-758DAD7D8011}.Debug|Win32.Build.0 = Debug|Win32
		{CBBF380B-7B16-4A1E-8194-758DAD7D8011}.Debug|x64.ActiveCfg = Debug|x64
		{CBBF380B-7B16-4A1E-8194-758DAD7D8011}.Debug|x64.Build.0 = Debug|x64
		{CBBF380B-7B16-4A1E-8194-758DAD7D8011}.Release|Win32.ActiveCfg = Release|Win32
		{CBBF380B-7B16-4A1E-8194-758DAD7D8011}.Release|Win32.Build.0 = Release|Win32
		{CBBF380B-7B16-4A1E-8194-758DAD7D8011}.Release|x64.ActiveCfg = Release|x64
		{CBBF380B-7B16-4A1E-8194-758DAD7D8011}.Release|x64.Build.0 = Release|x64
		{CBBF380B-7B16-4A1E-8194-758DAD7D8011}.Testing Debug|Win32.ActiveCfg = Testing Debug|Win32
		{CBBF380B-7B16-4A1E-8194-758DAD7D8011}.Testing Debug|Win32.Build.0 = Testing Debug|Win32
		{CBBF380B-7B16-4A1E-8194-758DAD7D8011}.Testing Debug|x64.ActiveCfg = Testing Debug|x64
		{CBBF380B-7B16-4A1E-8194-758DAD7D8011}.Testing Debug|x64.Build.0 = Testing Debug|x64
		{CBBF380B-7B16-4A1E-8194-758DAD7D8011}.Testing Release|Win32.ActiveCfg = Testing Release|Win32
		{CBBF380B-7B16-4A1E-8194-758DAD7D8011}.Testing Release|Win32.Build.0 = Testing Release|Win32
		{CBBF380B-7B16-4A1E-8194-758DAD7D8011}.Testing Release|x64.ActiveCfg = Testing Release|x64
		{CBBF380B-7B16-4A1E-8194-758DAD7D8011}.Testing Release|x64.Build.0 = Testing Release|x64
		{D41831F5-B2A5-4C92-9F15-1D9AB04722CC}.Debug|Win32.ActiveCfg = Debug|Win32
		{D41831F5-B2A5-4C92-9F15-1D9AB04722CC}.Debug|Win32.Build.0 = Debug|Win32
		{D41831F5-B2A5-4C92-9F15-1D9AB04722CC}.Debug|x64.ActiveCfg = Debug|x64
		{D41831F5-B2A5-4C92-9F15-1D9AB04722CC}.Debug|x64.Build.0 = Debug|x64
		{D41831F5-B2A5-4C92-9F15-1D9AB04722CC}.Release|Win32.ActiveCfg = Release|Win32
		{D41831F5-B2A5-4C92-9F15-1D9AB04722CC}.Release|Win32.Build.0 = Release|Win32
		{D41831F5-B2A5-4C92-9F15-1D9AB04722CC}.Release|x64.ActiveCfg = Release|x64
		{D41831F5-B2A5-4C92-9F15-1D9AB04722CC}.Release|x64.Build.0 = Release|x64
		{D41831F5-B2A5-4C92-9F15-1D9AB04722CC}.Testing Debug|Win32.ActiveCfg = Testing Debug|Win32
		{D41831F5-B2A5-4C92-9F15-1D9AB04722CC}.Testing Debug|Win32.Build.0 = Testing Debug|Win32
		{D41831F5-B2A5-4C92-9F15-1D9AB04722CC}.Testing Debug|x64.ActiveCfg = Testing Debug|x64
		{D41831F5-B2A5-4C92-9F15-1D9AB04722CC}.Testing Debug|x64.Build.0 = Testing Debug|x64
		{D41831F5-B2A5-4C92-9F15-1D9AB04722CC}.Testing Release|Win32.ActiveCfg = Testing Release|Win32
		{D41831F5-B2A5-4C92-9F15-1D9AB04722CC}.Testing Release|Win32.Build.0 = Testing Release|Win32
		{D41831F5-B2A5-4C92-9F15-1D9AB04722CC}.Testing Release|x64.ActiveCfg = Testing Release|x64
		{D41831F5-B2A5-4C92-9F15-1D9AB04722CC}.Testing Release|x64.Build.0 = Testing Release|x64
		{D98F2D98-2352-4303-93EE-A5430C4E98AB}.Debug|Win32.ActiveCfg = Debug|Win32
		{D98F2D98-2352-4303-93EE-A5430C4E98AB}.Debug|Win32.Build.0 = Debug|Win32
		{D98F2D98-2352-4303-93EE-A5430C4E98AB}.Debug|x64.ActiveCfg = Debug|x64
		{D98F2D98-2352-4303-93EE-A5430C4E98AB}.Debug|x64.Build.0 = Debug|x64
		{D98F2D98-2352-4303-93EE-A5430C4E98AB}.Release|Win32.ActiveCfg = Release|Win32
		{D98F2D98-2352-4303-93EE-A5430C4E98AB}.Release|Win32.Build.0 = Release|Win32
		{D98F2D98-2352-4303-93EE-A5430C4E98AB}.Release|x64.ActiveCfg = Release|x64
		{D98F2D98-2352-4303-93EE-A5430C4E98AB}.Release|x64.Build.0 = Release|x64
		{D98F2D98-2352-4303-93EE-A5430C4E98AB}.Testing Debug|Win32.ActiveCfg = Testing Debug|Win32
		{D98F2D98-2352-4303-93EE-A5430C4E98AB}.Testing Debug|Win32.Build.0 = Testing Debug|Win32
		{D98F2D98-2352-4303-93EE-A5430C4E98AB}.Testing Debug|x64.ActiveCfg = Testing Debug|x64
		{D98F2D98-2352-4303-93EE-A5430C4E98AB}.Testing Debug|x64.Build.0 = Testing Debug|x64
		{D98F2D98-2352-4303-93EE-A5430C4E98AB}.Testing Release|Win32.ActiveCfg = Testing Release|Win32
		{D98F2D98-2352-4303-93EE-A5430C4E98AB}.Testing Release|Win32.Build.0 = Testing Release|Win32
		{D98F2D98-2352-4303-93EE-A5430C4E98AB}.Testing Release|x64.ActiveCfg = Testing Release|x64
		{D98F2D98-2352-4303-93EE-A5430C4E98AB}.Testing Release|x64.Build.0 = Testing Release|x64
	EndGlobalSection
	GlobalSection(SolutionProperties) = preSolution
		HideSolutionNode = FALSE
	EndGlobalSection
	GlobalSection(DPCodeReviewSolutionGUID) = preSolution
		DPCodeReviewSolutionGUID = {00000000-0000-0000-0000-000000000000}
	EndGlobalSection
EndGlobal
