Microsoft Visual Studio Solution File, Format Version 12.00
# Visual Studio 2012
Project("{8BC9CEB8-8B4A-11D0-8D11-00A0C91BC942}") = "rc2lng", "src\rc2lng\rc2lng.vc120.vcxproj", "{10FB6B7E-81A1-47F9-BC6F-7017E5695D3A}"
EndProject
Project("{8BC9CEB8-8B4A-11D0-8D11-00A0C91BC942}") = "ictranslate", "src\ictranslate\ictranslate.vc120.vcxproj", "{B0292250-B70C-4395-9859-F181FB113DA8}"
EndProject
Project("{8BC9CEB8-8B4A-11D0-8D11-00A0C91BC942}") = "libictranslate", "src\libictranslate\libictranslate.vc120.vcxproj", "{DD1F3242-7EE4-4F41-8B8D-D833300C445F}"
EndProject
Project("{8BC9CEB8-8B4A-11D0-8D11-00A0C91BC942}") = "libicpf", "src\libicpf\libicpf.vc120.vcxproj", "{5510B933-046F-4F75-8B46-5E8279C8CCDE}"
EndProject
Global
	GlobalSection(SolutionConfigurationPlatforms) = preSolution
		Debug|Win32 = Debug|Win32
		Debug|x64 = Debug|x64
		Release|Win32 = Release|Win32
		Release|x64 = Release|x64
	EndGlobalSection
	GlobalSection(ProjectConfigurationPlatforms) = postSolution
		{10FB6B7E-81A1-47F9-BC6F-7017E5695D3A}.Debug|Win32.ActiveCfg = Debug|Win32
		{10FB6B7E-81A1-47F9-BC6F-7017E5695D3A}.Debug|Win32.Build.0 = Debug|Win32
		{10FB6B7E-81A1-47F9-BC6F-7017E5695D3A}.Debug|x64.ActiveCfg = Debug|x64
		{10FB6B7E-81A1-47F9-BC6F-7017E5695D3A}.Debug|x64.Build.0 = Debug|x64
		{10FB6B7E-81A1-47F9-BC6F-7017E5695D3A}.Release|Win32.ActiveCfg = Release|Win32
		{10FB6B7E-81A1-47F9-BC6F-7017E5695D3A}.Release|Win32.Build.0 = Release|Win32
		{10FB6B7E-81A1-47F9-BC6F-7017E5695D3A}.Release|x64.ActiveCfg = Release|x64
		{10FB6B7E-81A1-47F9-BC6F-7017E5695D3A}.Release|x64.Build.0 = Release|x64
		{B0292250-B70C-4395-9859-F181FB113DA8}.Debug|Win32.ActiveCfg = Debug|Win32
		{B0292250-B70C-4395-9859-F181FB113DA8}.Debug|Win32.Build.0 = Debug|Win32
		{B0292250-B70C-4395-9859-F181FB113DA8}.Debug|x64.ActiveCfg = Debug|x64
		{B0292250-B70C-4395-9859-F181FB113DA8}.Debug|x64.Build.0 = Debug|x64
		{B0292250-B70C-4395-9859-F181FB113DA8}.Release|Win32.ActiveCfg = Release|Win32
		{B0292250-B70C-4395-9859-F181FB113DA8}.Release|Win32.Build.0 = Release|Win32
		{B0292250-B70C-4395-9859-F181FB113DA8}.Release|x64.ActiveCfg = Release|x64
		{B0292250-B70C-4395-9859-F181FB113DA8}.Release|x64.Build.0 = Release|x64
		{DD1F3242-7EE4-4F41-8B8D-D833300C445F}.Debug|Win32.ActiveCfg = Debug|Win32
		{DD1F3242-7EE4-4F41-8B8D-D833300C445F}.Debug|Win32.Build.0 = Debug|Win32
		{DD1F3242-7EE4-4F41-8B8D-D833300C445F}.Debug|x64.ActiveCfg = Debug|x64
		{DD1F3242-7EE4-4F41-8B8D-D833300C445F}.Debug|x64.Build.0 = Debug|x64
		{DD1F3242-7EE4-4F41-8B8D-D833300C445F}.Release|Win32.ActiveCfg = Release|Win32
		{DD1F3242-7EE4-4F41-8B8D-D833300C445F}.Release|Win32.Build.0 = Release|Win32
		{DD1F3242-7EE4-4F41-8B8D-D833300C445F}.Release|x64.ActiveCfg = Release|x64
		{DD1F3242-7EE4-4F41-8B8D-D833300C445F}.Release|x64.Build.0 = Release|x64
		{5510B933-046F-4F75-8B46-5E8279C8CCDE}.Debug|Win32.ActiveCfg = Debug|Win32
		{5510B933-046F-4F75-8B46-5E8279C8CCDE}.Debug|Win32.Build.0 = Debug|Win32
		{5510B933-046F-4F75-8B46-5E8279C8CCDE}.Debug|x64.ActiveCfg = Debug|x64
		{5510B933-046F-4F75-8B46-5E8279C8CCDE}.Debug|x64.Build.0 = Debug|x64
		{5510B933-046F-4F75-8B46-5E8279C8CCDE}.Release|Win32.ActiveCfg = Release|Win32
		{5510B933-046F-4F75-8B46-5E8279C8CCDE}.Release|Win32.Build.0 = Release|Win32
		{5510B933-046F-4F75-8B46-5E8279C8CCDE}.Release|x64.ActiveCfg = Release|x64
		{5510B933-046F-4F75-8B46-5E8279C8CCDE}.Release|x64.Build.0 = Release|x64
	EndGlobalSection
	GlobalSection(SolutionProperties) = preSolution
		HideSolutionNode = FALSE
	EndGlobalSection
EndGlobal
