<?xml version="1.0" encoding="utf-8"?>
<Project ToolsVersion="4.0" xmlns="http://schemas.microsoft.com/developer/msbuild/2003">
  <ItemGroup>
    <Filter Include="Source Files">
      <UniqueIdentifier>{4FC737F1-C7A5-4376-A066-2A32D752A2FF}</UniqueIdentifier>
      <Extensions>cpp;c;cc;cxx;def;odl;idl;hpj;bat;asm;asmx</Extensions>
    </Filter>
    <Filter Include="Source Files\Library files">
      <UniqueIdentifier>{e160d2cd-2a88-40ef-97b4-6b7d3b7ed6b1}</UniqueIdentifier>
    </Filter>
    <Filter Include="Resource Files">
      <UniqueIdentifier>{67DA6AB6-F800-4c08-8B7A-83BB121AAD01}</UniqueIdentifier>
      <Extensions>rc;ico;cur;bmp;dlg;rc2;rct;bin;rgs;gif;jpg;jpeg;jpe;resx;tiff;tif;png;wav</Extensions>
    </Filter>
    <Filter Include="Source Files\Tools">
      <UniqueIdentifier>{1fddd996-c723-4b09-9c98-868df98fe204}</UniqueIdentifier>
    </Filter>
    <Filter Include="Tests">
      <UniqueIdentifier>{b7eef53f-fb70-4f50-aa6d-0a699bb20f25}</UniqueIdentifier>
    </Filter>
  </ItemGroup>
  <ItemGroup>
    <ClInclude Include="libstring.h">
      <Filter>Source Files\Library files</Filter>
    </ClInclude>
    <ClInclude Include="stdafx.h">
      <Filter>Source Files\Library files</Filter>
    </ClInclude>
    <ClInclude Include="TString.h">
      <Filter>Source Files\Tools</Filter>
    </ClInclude>
    <ClInclude Include="TStringArray.h">
      <Filter>Source Files\Tools</Filter>
    </ClInclude>
    <ClInclude Include="TStringSet.h">
      <Filter>Source Files\Tools</Filter>
    </ClInclude>
    <ClInclude Include="TStringException.h">
      <Filter>Source Files\Tools</Filter>
    </ClInclude>
    <ClInclude Include="resource.h" />
  </ItemGroup>
  <ItemGroup>
    <ClCompile Include="dllmain.cpp">
      <Filter>Source Files\Library files</Filter>
    </ClCompile>
    <ClCompile Include="stdafx.cpp">
      <Filter>Source Files\Library files</Filter>
    </ClCompile>
    <ClCompile Include="TString.cpp">
      <Filter>Source Files\Tools</Filter>
    </ClCompile>
    <ClCompile Include="TStringArray.cpp">
      <Filter>Source Files\Tools</Filter>
    </ClCompile>
    <ClCompile Include="TStringSet.cpp">
      <Filter>Source Files\Tools</Filter>
    </ClCompile>
    <ClCompile Include="TStringException.cpp">
      <Filter>Source Files\Tools</Filter>
    </ClCompile>
    <ClCompile Include="Tests\TestsTString.cpp">
      <Filter>Tests</Filter>
    </ClCompile>
    <ClCompile Include="..\..\tests\tests_shared\TestsExports.cpp">
      <Filter>Tests</Filter>
    </ClCompile>
    <ClCompile Include="Tests\TestsTStringSet.cpp">
      <Filter>Tests</Filter>
    </ClCompile>
    <ClCompile Include="Tests\TestsTStringArray.cpp">
      <Filter>Tests</Filter>
    </ClCompile>
  </ItemGroup>
  <ItemGroup>
    <ResourceCompile Include="libstring.rc">
      <Filter>Resource Files</Filter>
    </ResourceCompile>
  </ItemGroup>
</Project>