<?xml version="1.0" encoding="utf-8"?>
<Project ToolsVersion="4.0" xmlns="http://schemas.microsoft.com/developer/msbuild/2003">
  <ItemGroup>
    <Filter Include="Source Files">
      <UniqueIdentifier>{4FC737F1-C7A5-4376-A066-2A32D752A2FF}</UniqueIdentifier>
      <Extensions>cpp;c;cxx;def;odl;idl;hpj;bat;asm;asmx</Extensions>
    </Filter>
    <Filter Include="Header Files">
      <UniqueIdentifier>{00ca5694-b4da-4c22-8c2c-fcc557b5d5bd}</UniqueIdentifier>
      <Extensions>h;hpp;hxx;hm;inl;inc;xsd</Extensions>
    </Filter>
  </ItemGroup>
  <ItemGroup>
    <ClCompile Include="config-test.cpp">
      <Filter>Source Files</Filter>
    </ClCompile>
    <ClCompile Include="libicpf-tests.cpp">
      <Filter>Source Files</Filter>
    </ClCompile>
    <ClCompile Include="test-base.cpp">
      <Filter>Source Files</Filter>
    </ClCompile>
  </ItemGroup>
  <ItemGroup>
    <ClInclude Include="config-test.h">
      <Filter>Header Files</Filter>
    </ClInclude>
    <ClInclude Include="test-base.h">
      <Filter>Header Files</Filter>
    </ClInclude>
  </ItemGroup>
</Project>