<?xml version="1.0" encoding="utf-8"?>
<Project ToolsVersion="4.0" xmlns="http://schemas.microsoft.com/developer/msbuild/2003">
  <ItemGroup>
    <Filter Include="Source Files">
      <UniqueIdentifier>{4FC737F1-C7A5-4376-A066-2A32D752A2FF}</UniqueIdentifier>
      <Extensions>cpp;c;cc;cxx;def;odl;idl;hpj;bat;asm;asmx</Extensions>
    </Filter>
    <Filter Include="Source Files\Library files">
      <UniqueIdentifier>{e160d2cd-2a88-40ef-97b4-6b7d3b7ed6b1}</UniqueIdentifier>
    </Filter>
    <Filter Include="Resource Files">
      <UniqueIdentifier>{67DA6AB6-F800-4c08-8B7A-83BB121AAD01}</UniqueIdentifier>
      <Extensions>rc;ico;cur;bmp;dlg;rc2;rct;bin;rgs;gif;jpg;jpeg;jpe;resx;tiff;tif;png;wav</Extensions>
    </Filter>
    <Filter Include="Tests">
      <UniqueIdentifier>{30839f8d-ff2c-45d2-86fe-a7a494f42c8b}</UniqueIdentifier>
    </Filter>
    <Filter Include="Source Files\internal">
      <UniqueIdentifier>{d67e75ea-a3ac-4115-b546-93a6914ee712}</UniqueIdentifier>
    </Filter>
  </ItemGroup>
  <ItemGroup>
    <ClInclude Include="stdafx.h">
      <Filter>Source Files\Library files</Filter>
    </ClInclude>
    <ClInclude Include="TMultiLoggerConfig.h">
      <Filter>Source Files</Filter>
    </ClInclude>
    <ClInclude Include="TLogger.h">
      <Filter>Source Files</Filter>
    </ClInclude>
    <ClInclude Include="TLoggerLevelConfig.h">
      <Filter>Source Files</Filter>
    </ClInclude>
    <ClInclude Include="TAsyncMultiLogger.h">
      <Filter>Source Files</Filter>
    </ClInclude>
    <ClInclude Include="TLogFileData.h">
      <Filter>Source Files</Filter>
    </ClInclude>
    <ClInclude Include="SeverityLevels.h">
      <Filter>Source Files</Filter>
    </ClInclude>
    <ClInclude Include="TLoggerRotationInfo.h">
      <Filter>Source Files</Filter>
    </ClInclude>
    <ClInclude Include="liblogger.h">
      <Filter>Source Files\Library files</Filter>
    </ClInclude>
    <ClInclude Include="TLogFile.h">
      <Filter>Source Files\internal</Filter>
    </ClInclude>
    <ClInclude Include="TLogRecord.h">
      <Filter>Source Files</Filter>
    </ClInclude>
    <ClInclude Include="TLoggerPaths.h">
      <Filter>Source Files</Filter>
    </ClInclude>
    <ClInclude Include="resource.h" />
  </ItemGroup>
  <ItemGroup>
    <ClCompile Include="stdafx.cpp">
      <Filter>Source Files\Library files</Filter>
    </ClCompile>
    <ClCompile Include="TMultiLoggerConfig.cpp">
      <Filter>Source Files</Filter>
    </ClCompile>
    <ClCompile Include="TLoggerLevelConfig.cpp">
      <Filter>Source Files</Filter>
    </ClCompile>
    <ClCompile Include="TAsyncMultiLogger.cpp">
      <Filter>Source Files</Filter>
    </ClCompile>
    <ClCompile Include="TLogFileData.cpp">
      <Filter>Source Files</Filter>
    </ClCompile>
    <ClCompile Include="TLoggerRotationInfo.cpp">
      <Filter>Source Files</Filter>
    </ClCompile>
    <ClCompile Include="liblogger.cpp">
      <Filter>Source Files\Library files</Filter>
    </ClCompile>
    <ClCompile Include="dllmain.cpp">
      <Filter>Source Files\Library files</Filter>
    </ClCompile>
    <ClCompile Include="..\..\tests\tests_shared\TestsExports.cpp">
      <Filter>Tests</Filter>
    </ClCompile>
    <ClCompile Include="TLogFile.cpp">
      <Filter>Source Files\internal</Filter>
    </ClCompile>
    <ClCompile Include="TLoggerPaths.cpp">
      <Filter>Source Files</Filter>
    </ClCompile>
  </ItemGroup>
  <ItemGroup>
    <ResourceCompile Include="liblogger.rc">
      <Filter>Resource Files</Filter>
    </ResourceCompile>
  </ItemGroup>
</Project>