<?xml version="1.0" encoding="utf-8"?>
<Project ToolsVersion="4.0" xmlns="http://schemas.microsoft.com/developer/msbuild/2003">
  <ItemGroup>
    <Filter Include="Source Files">
      <UniqueIdentifier>{4FC737F1-C7A5-4376-A066-2A32D752A2FF}</UniqueIdentifier>
      <Extensions>cpp;c;cc;cxx;def;odl;idl;hpj;bat;asm;asmx</Extensions>
    </Filter>
    <Filter Include="Source Files\Library files">
      <UniqueIdentifier>{e160d2cd-2a88-40ef-97b4-6b7d3b7ed6b1}</UniqueIdentifier>
    </Filter>
    <Filter Include="Resource Files">
      <UniqueIdentifier>{67DA6AB6-F800-4c08-8B7A-83BB121AAD01}</UniqueIdentifier>
      <Extensions>rc;ico;cur;bmp;dlg;rc2;rct;bin;rgs;gif;jpg;jpeg;jpe;resx;tiff;tif;png;wav</Extensions>
    </Filter>
    <Filter Include="Source Files\Tools">
      <UniqueIdentifier>{1fddd996-c723-4b09-9c98-868df98fe204}</UniqueIdentifier>
    </Filter>
    <Filter Include="Tests">
      <UniqueIdentifier>{b7eef53f-fb70-4f50-aa6d-0a699bb20f25}</UniqueIdentifier>
    </Filter>
    <Filter Include="Source Files\Tools\Exceptions">
      <UniqueIdentifier>{a77c6575-b7b7-4683-9295-d5173da8c76b}</UniqueIdentifier>
    </Filter>
    <Filter Include="Source Files\Tools\Timers">
      <UniqueIdentifier>{c0950b01-0c97-431a-9889-0f1bcfc49062}</UniqueIdentifier>
    </Filter>
    <Filter Include="Source Files\Tools\IPC">
      <UniqueIdentifier>{6c5d3d2d-292d-45f1-a74d-8b3047a68694}</UniqueIdentifier>
    </Filter>
    <Filter Include="Source Files\Shared">
      <UniqueIdentifier>{1b7aada1-f6a4-45f3-821c-ac3f7e589a05}</UniqueIdentifier>
    </Filter>
  </ItemGroup>
  <ItemGroup>
    <ClInclude Include="TAutoHandles.h">
      <Filter>Source Files\Tools</Filter>
    </ClInclude>
    <ClInclude Include="libchcore.h">
      <Filter>Source Files\Library files</Filter>
    </ClInclude>
    <ClInclude Include="stdafx.h">
      <Filter>Source Files\Library files</Filter>
    </ClInclude>
    <ClInclude Include="ErrorCodes.h">
      <Filter>Source Files\Tools</Filter>
    </ClInclude>
    <ClInclude Include="TPath.h">
      <Filter>Source Files\Tools</Filter>
    </ClInclude>
    <ClInclude Include="TWorkerThreadController.h">
      <Filter>Source Files\Tools</Filter>
    </ClInclude>
    <ClInclude Include="MathFunctions.h">
      <Filter>Source Files\Tools</Filter>
    </ClInclude>
    <ClInclude Include="TPathContainer.h">
      <Filter>Source Files\Tools</Filter>
    </ClInclude>
    <ClInclude Include="TFileTime.h">
      <Filter>Source Files\Tools</Filter>
    </ClInclude>
    <ClInclude Include="RoundingFunctions.h">
      <Filter>Source Files\Tools</Filter>
    </ClInclude>
    <ClInclude Include="TWin32ErrorFormatter.h">
      <Filter>Source Files\Tools</Filter>
    </ClInclude>
    <ClInclude Include="TBaseException.h">
      <Filter>Source Files\Tools\Exceptions</Filter>
    </ClInclude>
    <ClInclude Include="TCoreException.h">
      <Filter>Source Files\Tools\Exceptions</Filter>
    </ClInclude>
    <ClInclude Include="TCoreWin32Exception.h">
      <Filter>Source Files\Tools\Exceptions</Filter>
    </ClInclude>
    <ClInclude Include="StreamingHelpers.h">
      <Filter>Source Files\Tools</Filter>
    </ClInclude>
    <ClInclude Include="resource.h" />
    <ClInclude Include="ITimestampProvider.h">
      <Filter>Source Files\Tools\Timers</Filter>
    </ClInclude>
    <ClInclude Include="TTimestampProviderTickCount.h">
      <Filter>Source Files\Tools\Timers</Filter>
    </ClInclude>
    <ClInclude Include="TIpcMutexLock.h">
      <Filter>Source Files\Tools\IPC</Filter>
    </ClInclude>
    <ClInclude Include="TIpcMutex.h">
      <Filter>Source Files\Tools\IPC</Filter>
    </ClInclude>
    <ClInclude Include="TSimpleTimer.h">
      <Filter>Source Files\Tools\Timers</Filter>
    </ClInclude>
    <ClInclude Include="TSharedMemory.h">
      <Filter>Source Files\Tools\IPC</Filter>
    </ClInclude>
    <ClInclude Include="..\common\GenericTemplates\RandomAccessIterators.h">
      <Filter>Source Files\Shared</Filter>
    </ClInclude>
    <ClInclude Include="..\common\GenericTemplates\RandomAccessContainerWrapper.h">
      <Filter>Source Files\Shared</Filter>
    </ClInclude>
    <ClInclude Include="..\common\GTestMacros.h">
      <Filter>Tests</Filter>
    </ClInclude>
    <ClInclude Include="TStringPattern.h">
      <Filter>Source Files\Tools</Filter>
    </ClInclude>
    <ClInclude Include="TStringPatternArray.h">
      <Filter>Source Files\Tools</Filter>
    </ClInclude>
  </ItemGroup>
  <ItemGroup>
    <ClCompile Include="dllmain.cpp">
      <Filter>Source Files\Library files</Filter>
    </ClCompile>
    <ClCompile Include="stdafx.cpp">
      <Filter>Source Files\Library files</Filter>
    </ClCompile>
    <ClCompile Include="TPath.cpp">
      <Filter>Source Files\Tools</Filter>
    </ClCompile>
    <ClCompile Include="TWorkerThreadController.cpp">
      <Filter>Source Files\Tools</Filter>
    </ClCompile>
    <ClCompile Include="MathFunctions.cpp">
      <Filter>Source Files\Tools</Filter>
    </ClCompile>
    <ClCompile Include="TPathContainer.cpp">
      <Filter>Source Files\Tools</Filter>
    </ClCompile>
    <ClCompile Include="TFileTime.cpp">
      <Filter>Source Files\Tools</Filter>
    </ClCompile>
    <ClCompile Include="Tests\TestsTSimpleTimer.cpp">
      <Filter>Tests</Filter>
    </ClCompile>
    <ClCompile Include="Tests\TestsTSmartPath.cpp">
      <Filter>Tests</Filter>
    </ClCompile>
    <ClCompile Include="..\..\tests\tests_shared\TestsExports.cpp">
      <Filter>Tests</Filter>
    </ClCompile>
    <ClCompile Include="TWin32ErrorFormatter.cpp">
      <Filter>Source Files\Tools</Filter>
    </ClCompile>
    <ClCompile Include="TBaseException.cpp">
      <Filter>Source Files\Tools\Exceptions</Filter>
    </ClCompile>
    <ClCompile Include="TCoreException.cpp">
      <Filter>Source Files\Tools\Exceptions</Filter>
    </ClCompile>
    <ClCompile Include="TCoreWin32Exception.cpp">
      <Filter>Source Files\Tools\Exceptions</Filter>
    </ClCompile>
    <ClCompile Include="TTimestampProviderTickCount.cpp">
      <Filter>Source Files\Tools\Timers</Filter>
    </ClCompile>
    <ClCompile Include="TIpcMutexLock.cpp">
      <Filter>Source Files\Tools\IPC</Filter>
    </ClCompile>
    <ClCompile Include="TIpcMutex.cpp">
      <Filter>Source Files\Tools\IPC</Filter>
    </ClCompile>
    <ClCompile Include="TSimpleTimer.cpp">
      <Filter>Source Files\Tools\Timers</Filter>
    </ClCompile>
    <ClCompile Include="TSharedMemory.cpp">
      <Filter>Source Files\Tools\IPC</Filter>
    </ClCompile>
    <ClCompile Include="Tests\TestsTPathContainer.cpp">
      <Filter>Tests</Filter>
    </ClCompile>
    <ClCompile Include="Tests\TestsMathFunctions.cpp">
      <Filter>Tests</Filter>
    </ClCompile>
    <ClCompile Include="Tests\TestsTIpcMutex.cpp">
      <Filter>Tests</Filter>
    </ClCompile>
    <ClCompile Include="Tests\TestsTIpcMutexLock.cpp">
      <Filter>Tests</Filter>
    </ClCompile>
    <ClCompile Include="Tests\TestsTFileTime.cpp">
      <Filter>Tests</Filter>
    </ClCompile>
    <ClCompile Include="Tests\TestsTSharedMemory.cpp">
      <Filter>Tests</Filter>
    </ClCompile>
    <ClCompile Include="Tests\TestsTTimestampProviderTickCount.cpp">
      <Filter>Tests</Filter>
    </ClCompile>
    <ClCompile Include="Tests\TestsTWorkerThreadController.cpp">
      <Filter>Tests</Filter>
    </ClCompile>
    <ClCompile Include="TStringPatternArray.cpp">
      <Filter>Source Files\Tools</Filter>
    </ClCompile>
    <ClCompile Include="TStringPattern.cpp">
      <Filter>Source Files\Tools</Filter>
    </ClCompile>
    <ClCompile Include="Tests\TestsTStringPattern.cpp">
      <Filter>Tests</Filter>
    </ClCompile>
    <ClCompile Include="Tests\TestsTStringPatternArray.cpp">
      <Filter>Tests</Filter>
    </ClCompile>
  </ItemGroup>
  <ItemGroup>
    <ResourceCompile Include="libchcore.rc">
      <Filter>Resource Files</Filter>
    </ResourceCompile>
  </ItemGroup>
</Project>