Microsoft Visual Studio Solution File, Format Version 10.00
# Visual Studio 2008
Project("{8BC9CEB8-8B4A-11D0-8D11-00A0C91BC942}") = "libicpf", "src\libicpf\libicpf.vc90.vcproj", "{5510B933-046F-4F75-8B46-5E8279C8CCDE}"
EndProject
Project("{8BC9CEB8-8B4A-11D0-8D11-00A0C91BC942}") = "libicpf-tests", "src\libicpf-tests\libicpf-tests.vc90.vcproj", "{AF4412FA-0CFB-47C1-A688-3E7875FE8A5B}"
	ProjectSection(ProjectDependencies) = postProject
		{5510B933-046F-4F75-8B46-5E8279C8CCDE} = {5510B933-046F-4F75-8B46-5E8279C8CCDE}
	EndProjectSection
EndProject
Global
	GlobalSection(SolutionConfigurationPlatforms) = preSolution
		Debug|Win32 = Debug|Win32
		Debug-Unicode|Win32 = Debug-Unicode|Win32
		Release|Win32 = Release|Win32
		Release-Unicode|Win32 = Release-Unicode|Win32
	EndGlobalSection
	GlobalSection(ProjectConfigurationPlatforms) = postSolution
		{5510B933-046F-4F75-8B46-5E8279C8CCDE}.Debug|Win32.ActiveCfg = Debug|Win32
		{5510B933-046F-4F75-8B46-5E8279C8CCDE}.Debug|Win32.Build.0 = Debug|Win32
		{5510B933-046F-4F75-8B46-5E8279C8CCDE}.Debug-Unicode|Win32.ActiveCfg = Debug-Unicode|Win32
		{5510B933-046F-4F75-8B46-5E8279C8CCDE}.Debug-Unicode|Win32.Build.0 = Debug-Unicode|Win32
		{5510B933-046F-4F75-8B46-5E8279C8CCDE}.Release|Win32.ActiveCfg = Release|Win32
		{5510B933-046F-4F75-8B46-5E8279C8CCDE}.Release|Win32.Build.0 = Release|Win32
		{5510B933-046F-4F75-8B46-5E8279C8CCDE}.Release-Unicode|Win32.ActiveCfg = Release-Unicode|Win32
		{5510B933-046F-4F75-8B46-5E8279C8CCDE}.Release-Unicode|Win32.Build.0 = Release-Unicode|Win32
		{AF4412FA-0CFB-47C1-A688-3E7875FE8A5B}.Debug|Win32.ActiveCfg = Debug|Win32
		{AF4412FA-0CFB-47C1-A688-3E7875FE8A5B}.Debug|Win32.Build.0 = Debug|Win32
		{AF4412FA-0CFB-47C1-A688-3E7875FE8A5B}.Debug-Unicode|Win32.ActiveCfg = Debug-Unicode|Win32
		{AF4412FA-0CFB-47C1-A688-3E7875FE8A5B}.Debug-Unicode|Win32.Build.0 = Debug-Unicode|Win32
		{AF4412FA-0CFB-47C1-A688-3E7875FE8A5B}.Release|Win32.ActiveCfg = Release|Win32
		{AF4412FA-0CFB-47C1-A688-3E7875FE8A5B}.Release|Win32.Build.0 = Release|Win32
		{AF4412FA-0CFB-47C1-A688-3E7875FE8A5B}.Release-Unicode|Win32.ActiveCfg = Release-Unicode|Win32
		{AF4412FA-0CFB-47C1-A688-3E7875FE8A5B}.Release-Unicode|Win32.Build.0 = Release-Unicode|Win32
	EndGlobalSection
	GlobalSection(SolutionProperties) = preSolution
		HideSolutionNode = FALSE
	EndGlobalSection
	GlobalSection(DPCodeReviewSolutionGUID) = preSolution
		DPCodeReviewSolutionGUID = {00000000-0000-0000-0000-000000000000}
	EndGlobalSection
EndGlobal
